version = 1
revision = 3
requires-python = ">=3.12"

[[package]]
name = "altgraph"
version = "0.17.5"
source = { registry = "https://pypi.org/simple" }
sdist = { url = "https://files.pythonhosted.org/packages/7e/f8/97fdf103f38fed6792a1601dbc16cc8aac56e7459a9fff08c812d8ae177a/altgraph-0.17.5.tar.gz", hash = "sha256:c87b395dd12fabde9c99573a9749d67da8d29ef9de0125c7f536699b4a9bc9e7", size = 48428, upload-time = "2025-11-21T20:35:50.583Z" }
wheels = [
    { url = "https://files.pythonhosted.org/packages/a9/ba/000a1996d4308bc65120167c21241a3b205464a2e0b58deda26ae8ac21d1/altgraph-0.17.5-py2.py3-none-any.whl", hash = "sha256:f3a22400bce1b0c701683820ac4f3b159cd301acab067c51c653e06961600597", size = 21228, upload-time = "2025-11-21T20:35:49.444Z" },
]

[[package]]
name = "jiahao"
version = "0.1.0"
source = { editable = "." }
dependencies = [
    { name = "pyte" },
    { name = "rich" },
    { name = "textual" },
]

[package.dev-dependencies]
dev = [
    { name = "pyinstaller" },
]

[package.metadata]
requires-dist = [
    { name = "pyte", specifier = ">=0.8.2" },
    { name = "rich", specifier = ">=15.0.0" },
    { name = "textual", specifier = "==0.85.2" },
]

[package.metadata.requires-dev]
dev = [{ name = "pyinstaller", specifier = ">=6.22.3" }]

[[package]]
name = "linkify-it-py"
version = "2.2.0"
source = { registry = "https://pypi.org/simple" }
sdist = { url = "https://files.pythonhosted.org/packages/45/98/7a1a5f31fd5c7ba93e963b168e244b8e3dd705b3d2a718e3c3307583bf57/linkify_it_py-2.2.0.tar.gz", hash = "sha256:907acd2d17ac1fbb9ddb62c8957ccbd6158cac602231a15c3b0cd1e215f03cee", size = 32939, upload-time = "2026-08-29T07:07:08.305Z" }
wheels = [
    { url = "https://files.pythonhosted.org/packages/13/d4/1152d1c7ab42d8b908be64fd200ddc870dc9d4925e951198702084aa1a7d/linkify_it_py-2.2.0-py3-none-any.whl", hash = "sha256:3adc40eb5af300b2605fcfdb968c24e1d780a90f1f2221af7c15e5111e94d443", size = 21971, upload-time = "2026-08-29T07:07:07.164Z" },
]

[[package]]
name = "macholib"
version = "1.16.4"
source = { registry = "https://pypi.org/simple" }
dependencies = [
    { name = "altgraph" },
]
sdist = { url = "https://files.pythonhosted.org/packages/10/2f/97589876ea967487978071c9042518d28b958d87b17dceb7cdc1d881f963/macholib-1.16.4.tar.gz", hash = "sha256:f408c93ab2e995cd2c46e34fe328b130404be143469e41bc366c807448979362", size = 59427, upload-time = "2025-11-22T08:28:38.373Z" }
wheels = [
    { url = "https://files.pythonhosted.org/packages/c7/d1/a9f36f8ecdf0fb7c9b1e78c8d7af12b8c8754e74851ac7b94a8305540fc7/macholib-1.16.4-py2.py3-none-any.whl", hash = "sha256:da1a3fa8266e30f0ce7e97c6a54eefaae8edd1e5f86f3eb8b95457cae90265ea", size = 38117, upload-time = "2025-11-22T08:28:36.939Z" },
]

[[package]]
name = "markdown-it-py"
version = "4.2.0"
source = { registry = "https://pypi.org/simple" }
dependencies = [
    { name = "mdurl" },
]
sdist = { url = "https://files.pythonhosted.org/packages/06/ff/7841249c247aa650a76b9ee4bbaeae59370dc8bfd2f6c01f3630c35eb134/markdown_it_py-4.2.0.tar.gz", hash = "sha256:04a21681d6fbb623de53f6f364d352309d4094dd4194040a10fd51833e418d49", size = 82454, upload-time = "2026-05-07T12:08:28.36Z" }
wheels = [
    { url = "https://files.pythonhosted.org/packages/b3/81/4da04ced5a082363ecfa159c010d200ecbd959ae410c10c0264a38cac0f5/markdown_it_py-4.2.0-py3-none-any.whl", hash = "sha256:9f7ebbcd14fe59494226453aed97c1070d83f8d24b6fc3a3bcf9a38092641c4a", size = 91687, upload-time = "2026-05-07T12:08:27.182Z" },
]

[package.optional-dependencies]
linkify = [
    { name = "linkify-it-py" },
]
plugins = [
    { name = "mdit-py-plugins" },
]

[[package]]
name = "mdit-py-plugins"
version = "0.6.1"
source = { registry = "https://pypi.org/simple" }
dependencies = [
    { name = "markdown-it-py" },
]
sdist = { url = "https://files.pythonhosted.org/packages/59/fc/f8d0863f8862f25602c0404d75568e89fb6b4109804645e5cdfb1be5cf56/mdit_py_plugins-0.6.1.tar.gz", hash = "sha256:a2bca0f039f39dbd35fb74ae1b5f998608c437463371f0ff7f49a19a17a114d0", size = 56114, upload-time = "2026-05-13T09:03:38.91Z" }
wheels = [
    { url = "https://files.pythonhosted.org/packages/a5/69/6da5581c6a7fede7dc261bf4e67d6adca4196f176b43288b55b3db395b6e/mdit_py_plugins-0.6.1-py3-none-any.whl", hash = "sha256:214c82fb2ac524472ab6a5bcab1de80f73b50443e187f401bfd77efbc7c6481d", size = 66663, upload-time = "2026-05-13T09:03:37.76Z" },
]

[[package]]
name = "mdurl"
version = "0.1.2"
source = { registry = "https://pypi.org/simple" }
sdist = { url = "https://files.pythonhosted.org/packages/d6/54/cfe61301667036ec958cb99bd3efefba235e65cdeb9c84d24a8293ba1d90/mdurl-0.1.2.tar.gz", hash = "sha256:bb413d29f5eea38f31dd4754dd7377d4465116fb207585f97bf925588687c1ba", size = 8729, upload-time = "2022-08-14T12:40:10.846Z" }
wheels = [
    { url = "https://files.pythonhosted.org/packages/b3/38/89ba8ad64ae25be8de66a6d463314cf1eb366222074cfda9ee839c56a4b4/mdurl-0.1.2-py3-none-any.whl", hash = "sha256:84008a41e51615a49fc9966191ff91509e3c40b939176e643fd50a5c2196b8f8", size = 9979, upload-time = "2022-08-14T12:40:09.779Z" },
]

[[package]]
name = "packaging"
version = "26.3"
source = { registry = "https://pypi.org/simple" }
sdist = { url = "https://files.pythonhosted.org/packages/7d/fa/3944b40b07da9ce895c0e6303a5ab7d53da063554f534556b134a54d6093/packaging-26.3.tar.gz", hash = "sha256:94edc256424af38762eb31306eed28beb9f0efc50a8837492c9d6fd6004aed79", size = 313412, upload-time = "2026-08-04T18:15:28.737Z" }
wheels = [
    { url = "https://files.pythonhosted.org/packages/63/34/ba1c580383c9eada3711951fef0795c80b829a078d72188184bcab9dd527/packaging-26.3-py3-none-any.whl", hash = "sha256:d7193f7c8e4e93f444fde0262bf90af30e16fa0ad0ad44cb553c87339b23cd1c", size = 129956, upload-time = "2026-08-04T18:15:27.159Z" },
]

[[package]]
name = "pefile"
version = "2024.8.26"
source = { registry = "https://pypi.org/simple" }
sdist = { url = "https://files.pythonhosted.org/packages/03/4f/2750f7f6f025a1507cd3b7218691671eecfd0bbebebe8b39aa0fe1d360b8/pefile-2024.8.26.tar.gz", hash = "sha256:3ff6c5d8b43e8c37bb6e6dd5085658d658a7a0bdcd20b6a07b1fcfc1c4e9d632", size = 76008, upload-time = "2024-08-26T20:58:38.155Z" }
wheels = [
    { url = "https://files.pythonhosted.org/packages/54/16/12b82f791c7f50ddec566873d5bdd245baa1491bac11d15ffb98aecc8f8b/pefile-2024.8.26-py3-none-any.whl", hash = "sha256:76f8b485dcd3b1bb8166f1128d395fa3d87af26360c2358fb75b80019b957c6f", size = 74766, upload-time = "2024-08-26T21:01:02.632Z" },
]

[[package]]
name = "platformdirs"
version = "4.12.2"
source = { registry = "https://pypi.org/simple" }
sdist = { url = "https://files.pythonhosted.org/packages/17/c8/721b3855fe457da514fe249247d404b9b39c5d16532278f70ebaa6acf18b/platformdirs-4.12.2.tar.gz", hash = "sha256:eab5f70271a490ef74618bb314fbb86e3c7e82fa3b9c922c2ea0e0a1a155d329", size = 59353, upload-time = "2026-09-29T18:27:56.009Z" }
wheels = [
    { url = "https://files.pythonhosted.org/packages/d0/89/446044f33aba0348d35e433f56d12206d010a5281a1df54054d4cfb82388/platformdirs-4.12.2-py3-none-any.whl", hash = "sha256:29dbf06d96c500bc6bdbce75fb0a14d63279c93b1842f97e72a135b33e856983", size = 32457, upload-time = "2026-09-29T18:27:54.43Z" },
]

[[package]]
name = "pygments"
version = "2.21.0"
source = { registry = "https://pypi.org/simple" }
sdist = { url = "https://files.pythonhosted.org/packages/49/2e/ced460408999b33da6b31b0021b0f37d329e202d4169aeb164493778f25b/pygments-2.21.0.tar.gz", hash = "sha256:610ca751c9bc2492b38eb9a38a7fbc93edbbb2d7182edaf34e66ae493dee5c8c", size = 5005329, upload-time = "2026-08-17T08:02:48.824Z" }
wheels = [
    { url = "https://files.pythonhosted.org/packages/71/46/17f022dd3e953bf20a04a028a21ec746d942f8d2af30fa0f124fa0e6a684/pygments-2.21.0-py3-none-any.whl", hash = "sha256:2363c69b61c4a97c838da3b130dcd6468f4848992b21a82f2a63ec34377137d9", size = 1250147, upload-time = "2026-08-17T08:02:44.912Z" },
]

[[package]]
name = "pyinstaller"
version = "6.22.3"
source = { registry = "https://pypi.org/simple" }
dependencies = [
    { name = "altgraph" },
    { name = "macholib", marker = "sys_platform == 'darwin'" },
    { name = "packaging" },
    { name = "pefile", marker = "sys_platform == 'win32'" },
    { name = "pyinstaller-hooks-contrib" },
    { name = "pywin32-ctypes", marker = "sys_platform == 'win32'" },
    { name = "setuptools" },
]
sdist = { url = "https://files.pythonhosted.org/packages/63/41/f90302845945abd4ed647933ff5ee7c6ac93983187be67f897b6cb613331/pyinstaller-6.22.3.tar.gz", hash = "sha256:05eb2f5615503e72939a7224d68b4aff572c6b0438ee4a17d0a4b481f399362d", size = 4437180, upload-time = "2026-09-12T21:54:09.669Z" }
wheels = [
    { url = "https://files.pythonhosted.org/packages/ec/af/898f70947e27f8e65d55183c780e77112e023c0b4a6fba6255d4d563a27d/pyinstaller-6.22.3-py3-none-macosx_10_13_universal2.whl", hash = "sha256:052f4a1cd4f81092ccb7a18fe8ebc9ecf832a5917317e39fb3775af4e959b253", size = 1071847, upload-time = "2026-09-12T21:53:01.711Z" },
    { url = "https://files.pythonhosted.org/packages/c4/96/99f5184985141c2b024bfa61335e9142ae444555224f303186e59b7bb438/pyinstaller-6.22.3-py3-none-manylinux2014_aarch64.whl", hash = "sha256:312da84b4b31ab9750066a823734c11b7c68757fdd67c9f038bf19c330a954e4", size = 758172, upload-time = "2026-09-12T21:53:06.171Z" },
    { url = "https://files.pythonhosted.org/packages/69/9f/9ccb12cc1e6617042cb028fe79f0a756f5f03305bd14b584a4e043fe3844/pyinstaller-6.22.3-py3-none-manylinux2014_i686.whl", hash = "sha256:020d4fe0627f5c73dfbcfad1a6578ef354d5fe4bdccd9d8e5a615528f5a45d2b", size = 772135, upload-time = "2026-09-12T21:53:10.291Z" },
    { url = "https://files.pythonhosted.org/packages/c1/43/4b1d5193a88628c052db89f064433681076959a9f41d0d9f660001b49079/pyinstaller-6.22.3-py3-none-manylinux2014_ppc64le.whl", hash = "sha256:9e4f7bd64b2103f14b4a6240fb9155e9fe7bc61391b4043bbddb7d3ebc8ab0fa", size = 770461, upload-time = "2026-09-12T21:53:14.592Z" },
    { url = "https://files.pythonhosted.org/packages/cb/83/f173f8757c618d83e116fa2b8e57c5cd796e5ad09792e664eabd6ac5edae/pyinstaller-6.22.3-py3-none-manylinux2014_s390x.whl", hash = "sha256:f82d0fb89f21c3ed6f482ee16f341bc59e8a31dbabb9bae9ef04e53ade4dc0d9", size = 764997, upload-time = "2026-09-12T21:53:19.079Z" },
    { url = "https://files.pythonhosted.org/packages/7b/b6/dd21d61fc5e25377be24eabf13e99e4e46548a5abe2bf7b15d8b3d9cc74a/pyinstaller-6.22.3-py3-none-manylinux2014_x86_64.whl", hash = "sha256:451a4ae14b719365bf1a2f0a99dae7b3463060061c3a394c70d5264cfb439528", size = 764974, upload-time = "2026-09-12T21:53:23.176Z" },
    { url = "https://files.pythonhosted.org/packages/6c/fd/d9590942972b1fc205519f7ccffb0d5cd8eb1d6fa61edad319c71d25baed/pyinstaller-6.22.3-py3-none-musllinux_1_1_aarch64.whl", hash = "sha256:ea240b5dfa831ff673c97505eee0ec24670bccf71396c83109440348944c83d0", size = 764450, upload-time = "2026-09-12T21:53:27.419Z" },
    { url = "https://files.pythonhosted.org/packages/72/d6/f22c55d1768433b65c460b19a3136dd9769b6c74b786149b829344654c7d/pyinstaller-6.22.3-py3-none-musllinux_1_1_x86_64.whl", hash = "sha256:a2b6fc26601e8c2596c3d54981566934a3382e85d05d0fe91b55b6a8dcc6b282", size = 763863, upload-time = "2026-09-12T21:53:31.609Z" },
    { url = "https://files.pythonhosted.org/packages/c5/87/cf28cfd42ceca889171e6dd5e7f1553d4372db83d047049ffb7cf95fcbd4/pyinstaller-6.22.3-py3-none-win32.whl", hash = "sha256:46a3e30a118341a1ec20667a5a95aa7e0aa8c4fa129893c0151b3eb3f801a722", size = 1390905, upload-time = "2026-09-12T21:53:38.133Z" },
    { url = "https://files.pythonhosted.org/packages/24/83/c5422204772a27aef643280fdc887b7ef55679989096b21dceb1b9625fc4/pyinstaller-6.22.3-py3-none-win_amd64.whl", hash = "sha256:500bd58c7bf7e584a8435adccbd763a0b918d5c12b08d74ff50fd79b2915458b", size = 1454907, upload-time = "2026-09-12T21:53:44.812Z" },
    { url = "https://files.pythonhosted.org/packages/67/2e/ebc93968bf63f81b122e205da116b16036b653b7ce2cc8ad86e3ddd19586/pyinstaller-6.22.3-py3-none-win_arm64.whl", hash = "sha256:31df3cc4261e804a53d358b7897c293ec8b88b167a7cca06c78018085c855f97", size = 1402956, upload-time = "2026-09-12T21:53:51.369Z" },
]

[[package]]
name = "pyinstaller-hooks-contrib"
version = "2026.8"
source = { registry = "https://pypi.org/simple" }
dependencies = [
    { name = "packaging" },
]
sdist = { url = "https://files.pythonhosted.org/packages/c9/3b/fab1a12a21bf9223af012e5dd002b7d4265683d21d9fabbd0ccb347316e4/pyinstaller_hooks_contrib-2026.8.tar.gz", hash = "sha256:4d825786ad7a9b7dbcc52d612748a34562fe273461bcfd88f4d549c594bbf8f9", size = 176955, upload-time = "2026-09-30T07:53:52.56Z" }
wheels = [
    { url = "https://files.pythonhosted.org/packages/8f/f1/3eee0263b487e571aed9204257b45bc2a0b6fec34d0a1adade4d8d8a968c/pyinstaller_hooks_contrib-2026.8-py3-none-any.whl", hash = "sha256:6d21d65323ea4467753afc21f52d7d0e69416ae8101dd88269bf273ad48db084", size = 462145, upload-time = "2026-09-30T07:53:51.167Z" },
]

[[package]]
name = "pyte"
version = "0.8.2"
source = { registry = "https://pypi.org/simple" }
dependencies = [
    { name = "wcwidth" },
]
sdist = { url = "https://files.pythonhosted.org/packages/ab/ab/b599762933eba04de7dc5b31ae083112a6c9a9db15b01d3109ad797559d9/pyte-0.8.2.tar.gz", hash = "sha256:5af970e843fa96a97149d64e170c984721f20e52227a2f57f0a54207f08f083f", size = 92301, upload-time = "2023-11-12T09:33:43.217Z" }
wheels = [
    { url = "https://files.pythonhosted.org/packages/59/d0/bb522283b90853afbf506cd5b71c650cf708829914efd0003d615cf426cd/pyte-0.8.2-py3-none-any.whl", hash = "sha256:85db42a35798a5aafa96ac4d8da78b090b2c933248819157fc0e6f78876a0135", size = 31627, upload-time = "2023-11-12T09:33:41.096Z" },
]

[[package]]
name = "pywin32-ctypes"
version = "0.2.3"
source = { registry = "https://pypi.org/simple" }
sdist = { url = "https://files.pythonhosted.org/packages/85/9f/01a1a99704853cb63f253eea009390c88e7131c67e66a0a02099a8c917cb/pywin32-ctypes-0.2.3.tar.gz", hash = "sha256:d162dc04946d704503b2edc4d55f3dba5c1d539ead017afa00142c38b9885755", size = 29471, upload-time = "2024-08-14T10:15:34.626Z" }
wheels = [
    { url = "https://files.pythonhosted.org/packages/de/3d/8161f7711c017e01ac9f008dfddd9410dff3674334c233bde66e7ba65bbf/pywin32_ctypes-0.2.3-py3-none-any.whl", hash = "sha256:8a1513379d709975552d202d942d9837758905c8d01eb82b8bcc30918929e7b8", size = 30756, upload-time = "2024-08-14T10:15:33.187Z" },
]

[[package]]
name = "rich"
version = "15.0.0"
source = { registry = "https://pypi.org/simple" }
dependencies = [
    { name = "markdown-it-py" },
    { name = "pygments" },
]
sdist = { url = "https://files.pythonhosted.org/packages/c0/8f/0722ca900cc807c13a6a0c696dacf35430f72e0ec571c4275d2371fca3e9/rich-15.0.0.tar.gz", hash = "sha256:edd07a4824c6b40189fb7ac9bc4c52536e9780fbbfbddf6f1e2502c31b068c36", size = 230680, upload-time = "2026-04-12T08:24:00.75Z" }
wheels = [
    { url = "https://files.pythonhosted.org/packages/82/3b/64d4899d73f91ba49a8c18a8ff3f0ea8f1c1d75481760df8c68ef5235bf5/rich-15.0.0-py3-none-any.whl", hash = "sha256:33bd4ef74232fb73fe9279a257718407f169c09b78a87ad3d296f548e27de0bb", size = 310654, upload-time = "2026-04-12T08:24:02.83Z" },
]

[[package]]
name = "setuptools"
version = "84.0.0"
source = { registry = "https://pypi.org/simple" }
sdist = { url = "https://files.pythonhosted.org/packages/6d/44/f5da03a8ef95d369145c5bb53050e7877c9f3d312e128605fd9504829143/setuptools-84.0.0.tar.gz", hash = "sha256:f4695c21257f0d9b537ec2692c941d02ee143b7cc1276941349a546573b2ef73", size = 1168449, upload-time = "2026-08-08T18:27:58.365Z" }
wheels = [
    { url = "https://files.pythonhosted.org/packages/95/9c/c510029fc6ef33a6275cd2c5d3cecd6613dfd6aa401d57c54f1c18852ccf/setuptools-84.0.0-py3-none-any.whl", hash = "sha256:51a52592b3b99e102b609654876bd65f19f999935166d1352678931132b0c670", size = 818216, upload-time = "2026-08-08T18:27:56.719Z" },
]

[[package]]
name = "textual"
version = "0.85.2"
source = { registry = "https://pypi.org/simple" }
dependencies = [
    { name = "markdown-it-py", extra = ["linkify", "plugins"] },
    { name = "platformdirs" },
    { name = "rich" },
    { name = "typing-extensions" },
]
sdist = { url = "https://files.pythonhosted.org/packages/71/69/8b2c90ef5863b67f2adb067772b259412130a10c7080e1fede39c6245f73/textual-0.85.2.tar.gz", hash = "sha256:2a416995c49d5381a81d0a6fd23925cb0e3f14b4f239ed05f35fa3c981bb1df2", size = 1462599, upload-time = "2024-11-02T18:18:16.465Z" }
wheels = [
    { url = "https://files.pythonhosted.org/packages/e9/f0/29bd25c7cd53f2b53bc0205a936b5d3a37c88a70bb91037c939d313d8462/textual-0.85.2-py3-none-any.whl", hash = "sha256:9ccdeb6b8a6a0ff72d497f714934f2e524f2eb67783b459fb08b1339ee537dc0", size = 614939, upload-time = "2024-11-02T18:18:14.346Z" },
]

[[package]]
name = "typing-extensions"
version = "4.16.0"
source = { registry = "https://pypi.org/simple" }
sdist = { url = "https://files.pythonhosted.org/packages/f6/cc/6253133b5bb138fc3306cebfbda2c520f545d36b5be2c7255cc528bb45d6/typing_extensions-4.16.0.tar.gz", hash = "sha256:dc983d19a509c94dba722ee6abd33940f7c05a89e243c47e907eb4db6f1a43e5", size = 113555, upload-time = "2026-07-02T08:40:05.92Z" }
wheels = [
    { url = "https://files.pythonhosted.org/packages/49/d3/b8441a820a491ddfc024b0b0cf0393375b75ea13866d9c66727e54c2fc80/typing_extensions-4.16.0-py3-none-any.whl", hash = "sha256:481caa481374e813c1b176ada14e97f1f67a4539ce9cfeb3f350d78d6370c2e8", size = 45571, upload-time = "2026-07-02T08:40:04.659Z" },
]

[[package]]
name = "wcwidth"
version = "0.9.1"
source = { registry = "https://pypi.org/simple" }
sdist = { url = "https://files.pythonhosted.org/packages/dc/ac/3a943d2792c9bb368aaa8b50121c0f778460ba2d7fbdc0a0366201d9e761/wcwidth-0.9.1.tar.gz", hash = "sha256:5823209b0d43af322ce698c689380d7c15ca31fa8e6e3be8459f27031bef0af5", size = 952410, upload-time = "2026-09-23T20:23:49.127Z" }
wheels = [
    { url = "https://files.pythonhosted.org/packages/48/7c/130de33c0a7f6efecee28fef5711fc1f8d55ac33885a6b85f4f6689004ba/wcwidth-0.9.1-cp310-abi3-macosx_10_9_x86_64.whl", hash = "sha256:10b00ba23482e352f874d2e8135e7ace9da838646c7dd800566246bbd46125ff", size = 604219, upload-time = "2026-09-23T20:23:22.071Z" },
    { url = "https://files.pythonhosted.org/packages/33/7c/c7bb03da54de7ac5a08753e186b963f91847b04ed8ae5be136a4d5f52b75/wcwidth-0.9.1-cp310-abi3-macosx_11_0_arm64.whl", hash = "sha256:40d936d72c9bdc10df43f93a8be502bc5024b487259139f66a328722c07f34a9", size = 609038, upload-time = "2026-09-23T20:23:24.941Z" },
    { url = "https://files.pythonhosted.org/packages/0b/71/f57effdf895c2d6d49333f1d6833a9f5438725c55a04ed3124a1c95bb3aa/wcwidth-0.9.1-cp310-abi3-manylinux1_i686.manylinux2014_i686.manylinux_2_17_i686.manylinux_2_5_i686.whl", hash = "sha256:69bb970cf5652b88cfdb9d3fdd1764fc15e5f8ad531643e7bb3e894cd969740e", size = 761464, upload-time = "2026-09-23T20:23:32.425Z" },
    { url = "https://files.pythonhosted.org/packages/4f/16/15b03d8fb7a747d0d2cf4a33da7b1b3e092493c58780f6589d5b1e9e3b49/wcwidth-0.9.1-cp310-abi3-manylinux2014_aarch64.manylinux_2_17_aarch64.whl", hash = "sha256:b5da43d6967668982e44a52fb551967d293f86d26cd86036ac95bbdd34394ed9", size = 770483, upload-time = "2026-09-23T20:23:28.128Z" },
    { url = "https://files.pythonhosted.org/packages/e2/a0/834886b30e3b885a5a96e8358f1b3917bc0bac43ae4178d77f0c210d079b/wcwidth-0.9.1-cp310-abi3-manylinux2014_x86_64.manylinux_2_17_x86_64.whl", hash = "sha256:747fb724223f417a17541a95a17c1dac3a8ef9a0cf41684950f0eab191a35f65", size = 768443, upload-time = "2026-09-23T20:23:33.875Z" },
    { url = "https://files.pythonhosted.org/packages/a2/ae/1b7597e0132ebc2c920632f39d8c1c61881345c9b480c0a95eb91e7460fa/wcwidth-0.9.1-cp310-abi3-musllinux_1_2_aarch64.whl", hash = "sha256:6e1272b7986cefe79783737e38bdb9eaae0682b333c7bd132024441193dd5ce7", size = 781171, upload-time = "2026-09-23T20:23:29.46Z" },
    { url = "https://files.pythonhosted.org/packages/fb/bb/32149e3b481953f4ef35f38f166e2532886d33ae54ccdd71393f821dfad9/wcwidth-0.9.1-cp310-abi3-musllinux_1_2_i686.whl", hash = "sha256:fe021c4d8de9d36c31a0cb41d0d2546dadd3b0708a301f1a0c66ce200851831f", size = 781576, upload-time = "2026-09-23T20:23:35.504Z" },
    { url = "https://files.pythonhosted.org/packages/d6/72/1ee3dff67697bda93bc56ec9f7b3b89609cd64b9abb328512a2f22eb9e47/wcwidth-0.9.1-cp310-abi3-musllinux_1_2_x86_64.whl", hash = "sha256:708158c082364af442f9983de7b6ec9ac0d2e1b825ada25f0911b1f138d55405", size = 783526, upload-time = "2026-09-23T20:23:36.937Z" },
    { url = "https://files.pythonhosted.org/packages/ce/0a/e94f19a60f6127bcf3dfcf223ca05a37650d57b37b5ed623597c842ce7ca/wcwidth-0.9.1-cp310-abi3-win32.whl", hash = "sha256:356376852357b8fca71fe5415808ec421679e04b4a98eb7c9cb6a7984b911a05", size = 592136, upload-time = "2026-09-23T20:23:43.774Z" },
    { url = "https://files.pythonhosted.org/packages/3c/ff/d884d2ec7dcdc86cda742a86c7160bc726dbccae76d7ae1f9ac833c26680/wcwidth-0.9.1-cp310-abi3-win_amd64.whl", hash = "sha256:991d1c8834f548e9c1f16432075ee84638e122312556bbf1ed595ea8fffc4673", size = 596738, upload-time = "2026-09-23T20:23:44.989Z" },
    { url = "https://files.pythonhosted.org/packages/fa/93/16e30d617b937272a2310a6e3c1f9d8f94984e19ad4a96eb935628e3e6b6/wcwidth-0.9.1-cp310-abi3-win_arm64.whl", hash = "sha256:61bd7aef9cafb6cb77a37a169998d7928ce82a51522146d11f60db9e7d1cb43a", size = 594700, upload-time = "2026-09-23T20:23:41.013Z" },
    { url = "https://files.pythonhosted.org/packages/0b/fb/bf93868205814f03d63e5b91757cf5bee99e024ce951c2e91fdeaab49c59/wcwidth-0.9.1-cp314-cp314t-macosx_10_15_x86_64.whl", hash = "sha256:dc10e262c3ac0abbfd0a2a51e45a848b1b7f500b21ff512630277973ba25674d", size = 605391, upload-time = "2026-09-23T20:23:23.602Z" },
    { url = "https://files.pythonhosted.org/packages/59/bb/dd3ae682f8ab13b1bffd8d52320d2f7becc16e3200580015f52124636e3a/wcwidth-0.9.1-cp314-cp314t-macosx_11_0_arm64.whl", hash = "sha256:bcb9ed4a367cc025bf1092ac679a156759605182d60b7ed3c28f7221a42ddf55", size = 609851, upload-time = "2026-09-23T20:23:26.583Z" },
    { url = "https://files.pythonhosted.org/packages/56/e7/4f3a86953ab1f59eac15585795f7753da99370798f75b134d3cbf252b243/wcwidth-0.9.1-cp314-cp314t-manylinux1_i686.manylinux2014_i686.manylinux_2_17_i686.manylinux_2_5_i686.whl", hash = "sha256:0d68a30d504c68cfdff2a5f804675c1e7ab4c0bbe878024c8b680ec5579cde67", size = 774751, upload-time = "2026-09-23T20:23:38.473Z" },
    { url = "https://files.pythonhosted.org/packages/48/0c/a456332bb581ebf3eb1a7dedb1492747b15772ce82c0717cc05387a64a17/wcwidth-0.9.1-cp314-cp314t-manylinux2014_aarch64.manylinux_2_17_aarch64.whl", hash = "sha256:9f1636c5075ffd5c2e835b4561874f6e5dd2bbeba3c6c2c99f067d0d16883af8", size = 785798, upload-time = "2026-09-23T20:23:30.998Z" },
    { url = "https://files.pythonhosted.org/packages/1b/6e/a35de089370d6d872c5424d234e00a8580e62c1bff518ff583750e7b15f7/wcwidth-0.9.1-cp314-cp314t-manylinux2014_x86_64.manylinux_2_17_x86_64.whl", hash = "sha256:c4cead196551112cb8f43cdd1f80c235ef2456e34b1a9955c424537ec99961b2", size = 782933, upload-time = "2026-09-23T20:23:39.672Z" },
    { url = "https://files.pythonhosted.org/packages/ed/25/e39b6140d05f3aa8e2a6cbb2d679cba5767de7ac0a4860d1da246b6c36b3/wcwidth-0.9.1-cp314-cp314t-win32.whl", hash = "sha256:0665ee822ea04e25801e6e82e5407528be0863e88a17b0e7ca038843a4a3ac0c", size = 599829, upload-time = "2026-09-23T20:23:46.221Z" },
    { url = "https://files.pythonhosted.org/packages/12/ad/307b55d8e0a9484c48e8f78f40e9b9a4a9af0c9e2e1c5209ad6d5a09c77c/wcwidth-0.9.1-cp314-cp314t-win_amd64.whl", hash = "sha256:eab587e18e7cadf1a750b0098fc8bebfb62c125eb9306f2268f0443a282a3d78", size = 604398, upload-time = "2026-09-23T20:23:47.672Z" },
    { url = "https://files.pythonhosted.org/packages/36/f1/69566660f633e2a93df7dad7353761562e9f71bf8a5a7b1eb7f34793b45d/wcwidth-0.9.1-cp314-cp314t-win_arm64.whl", hash = "sha256:03cfca3dcbffa86564290fe3c9978a6191ba003e8ced7f7dbda315fcb3fbe725", size = 602291, upload-time = "2026-09-23T20:23:42.345Z" },
    { url = "https://files.pythonhosted.org/packages/96/a2/f06f2e0be4895e5943d358755b51968ace85774cf0a4cc42b4dafb793832/wcwidth-0.9.1-py3-none-any.whl", hash = "sha256:e0c3a1c45c5b9550c6919a4449e95f5b177f6e165786376981db8f1addae9b21", size = 300656, upload-time = "2026-09-23T20:23:20.674Z" },
]
